
Microsoft Visual Studio Solution File, Format Version 12.00
# Visual Studio Version 16
VisualStudioVersion = 16.0.32228.343
MinimumVisualStudioVersion = 10.0.40219.1
Project("{FAE04EC0-301F-11D3-BF4B-00C04F79EFBC}") = "TripMapCam.App.UWP", "TripMapCam.App\TripMapCam.App.UWP\TripMapCam.App.UWP.csproj", "{62A5FAB6-554E-45DD-A86C-E365EEA9B78D}"
EndProject
Project("{FAE04EC0-301F-11D3-BF4B-00C04F79EFBC}") = "TripMapCam.App.Android", "TripMapCam.App\TripMapCam.App.Android\TripMapCam.App.Android.csproj", "{4F68F5E2-CC56-4BF7-9A61-DEA1E1E3E135}"
EndProject
Project("{FAE04EC0-301F-11D3-BF4B-00C04F79EFBC}") = "TripMapCam.App.iOS", "TripMapCam.App\TripMapCam.App.iOS\TripMapCam.App.iOS.csproj", "{DF552CAF-D9CA-486C-91DC-534C4997014B}"
EndProject
Project("{FAE04EC0-301F-11D3-BF4B-00C04F79EFBC}") = "TripMapCam.App", "TripMapCam.App\TripMapCam.App\TripMapCam.App.csproj", "{4DAB18AF-2B7E-4206-88C9-D530EA9BF9F1}"
EndProject
Global
	GlobalSection(SolutionConfigurationPlatforms) = preSolution
		Debug|Any CPU = Debug|Any CPU
		Debug|ARM = Debug|ARM
		Debug|iPhone = Debug|iPhone
		Debug|iPhoneSimulator = Debug|iPhoneSimulator
		Debug|x64 = Debug|x64
		Debug|x86 = Debug|x86
		Release|Any CPU = Release|Any CPU
		Release|ARM = Release|ARM
		Release|iPhone = Release|iPhone
		Release|iPhoneSimulator = Release|iPhoneSimulator
		Release|x64 = Release|x64
		Release|x86 = Release|x86
	EndGlobalSection
	GlobalSection(ProjectConfigurationPlatforms) = postSolution
		{62A5FAB6-554E-45DD-A86C-E365EEA9B78D}.Debug|Any CPU.ActiveCfg = Debug|x86
		{62A5FAB6-554E-45DD-A86C-E365EEA9B78D}.Debug|Any CPU.Build.0 = Debug|x86
		{62A5FAB6-554E-45DD-A86C-E365EEA9B78D}.Debug|Any CPU.Deploy.0 = Debug|x86
		{62A5FAB6-554E-45DD-A86C-E365EEA9B78D}.Debug|ARM.ActiveCfg = Debug|ARM
		{62A5FAB6-554E-45DD-A86C-E365EEA9B78D}.Debug|ARM.Build.0 = Debug|ARM
		{62A5FAB6-554E-45DD-A86C-E365EEA9B78D}.Debug|ARM.Deploy.0 = Debug|ARM
		{62A5FAB6-554E-45DD-A86C-E365EEA9B78D}.Debug|iPhone.ActiveCfg = Debug|x86
		{62A5FAB6-554E-45DD-A86C-E365EEA9B78D}.Debug|iPhone.Build.0 = Debug|x86
		{62A5FAB6-554E-45DD-A86C-E365EEA9B78D}.Debug|iPhone.Deploy.0 = Debug|x86
		{62A5FAB6-554E-45DD-A86C-E365EEA9B78D}.Debug|iPhoneSimulator.ActiveCfg = Debug|x86
		{62A5FAB6-554E-45DD-A86C-E365EEA9B78D}.Debug|iPhoneSimulator.Build.0 = Debug|x86
		{62A5FAB6-554E-45DD-A86C-E365EEA9B78D}.Debug|iPhoneSimulator.Deploy.0 = Debug|x86
		{62A5FAB6-554E-45DD-A86C-E365EEA9B78D}.Debug|x64.ActiveCfg = Debug|x64
		{62A5FAB6-554E-45DD-A86C-E365EEA9B78D}.Debug|x64.Build.0 = Debug|x64
		{62A5FAB6-554E-45DD-A86C-E365EEA9B78D}.Debug|x64.Deploy.0 = Debug|x64
		{62A5FAB6-554E-45DD-A86C-E365EEA9B78D}.Debug|x86.ActiveCfg = Debug|x86
		{62A5FAB6-554E-45DD-A86C-E365EEA9B78D}.Debug|x86.Build.0 = Debug|x86
		{62A5FAB6-554E-45DD-A86C-E365EEA9B78D}.Debug|x86.Deploy.0 = Debug|x86
		{62A5FAB6-554E-45DD-A86C-E365EEA9B78D}.Release|Any CPU.ActiveCfg = Release|x86
		{62A5FAB6-554E-45DD-A86C-E365EEA9B78D}.Release|Any CPU.Build.0 = Release|x86
		{62A5FAB6-554E-45DD-A86C-E365EEA9B78D}.Release|Any CPU.Deploy.0 = Release|x86
		{62A5FAB6-554E-45DD-A86C-E365EEA9B78D}.Release|ARM.ActiveCfg = Release|ARM
		{62A5FAB6-554E-45DD-A86C-E365EEA9B78D}.Release|ARM.Build.0 = Release|ARM
		{62A5FAB6-554E-45DD-A86C-E365EEA9B78D}.Release|ARM.Deploy.0 = Release|ARM
		{62A5FAB6-554E-45DD-A86C-E365EEA9B78D}.Release|iPhone.ActiveCfg = Release|x86
		{62A5FAB6-554E-45DD-A86C-E365EEA9B78D}.Release|iPhone.Build.0 = Release|x86
		{62A5FAB6-554E-45DD-A86C-E365EEA9B78D}.Release|iPhone.Deploy.0 = Release|x86
		{62A5FAB6-554E-45DD-A86C-E365EEA9B78D}.Release|iPhoneSimulator.ActiveCfg = Release|x86
		{62A5FAB6-554E-45DD-A86C-E365EEA9B78D}.Release|iPhoneSimulator.Build.0 = Release|x86
		{62A5FAB6-554E-45DD-A86C-E365EEA9B78D}.Release|iPhoneSimulator.Deploy.0 = Release|x86
		{62A5FAB6-554E-45DD-A86C-E365EEA9B78D}.Release|x64.ActiveCfg = Release|x64
		{62A5FAB6-554E-45DD-A86C-E365EEA9B78D}.Release|x64.Build.0 = Release|x64
		{62A5FAB6-554E-45DD-A86C-E365EEA9B78D}.Release|x64.Deploy.0 = Release|x64
		{62A5FAB6-554E-45DD-A86C-E365EEA9B78D}.Release|x86.ActiveCfg = Release|x86
		{62A5FAB6-554E-45DD-A86C-E365EEA9B78D}.Release|x86.Build.0 = Release|x86
		{62A5FAB6-554E-45DD-A86C-E365EEA9B78D}.Release|x86.Deploy.0 = Release|x86
		{4F68F5E2-CC56-4BF7-9A61-DEA1E1E3E135}.Debug|Any CPU.ActiveCfg = Debug|Any CPU
		{4F68F5E2-CC56-4BF7-9A61-DEA1E1E3E135}.Debug|Any CPU.Build.0 = Debug|Any CPU
		{4F68F5E2-CC56-4BF7-9A61-DEA1E1E3E135}.Debug|Any CPU.Deploy.0 = Debug|Any CPU
		{4F68F5E2-CC56-4BF7-9A61-DEA1E1E3E135}.Debug|ARM.ActiveCfg = Debug|Any CPU
		{4F68F5E2-CC56-4BF7-9A61-DEA1E1E3E135}.Debug|ARM.Build.0 = Debug|Any CPU
		{4F68F5E2-CC56-4BF7-9A61-DEA1E1E3E135}.Debug|ARM.Deploy.0 = Debug|Any CPU
		{4F68F5E2-CC56-4BF7-9A61-DEA1E1E3E135}.Debug|iPhone.ActiveCfg = Debug|Any CPU
		{4F68F5E2-CC56-4BF7-9A61-DEA1E1E3E135}.Debug|iPhone.Build.0 = Debug|Any CPU
		{4F68F5E2-CC56-4BF7-9A61-DEA1E1E3E135}.Debug|iPhone.Deploy.0 = Debug|Any CPU
		{4F68F5E2-CC56-4BF7-9A61-DEA1E1E3E135}.Debug|iPhoneSimulator.ActiveCfg = Debug|Any CPU
		{4F68F5E2-CC56-4BF7-9A61-DEA1E1E3E135}.Debug|iPhoneSimulator.Build.0 = Debug|Any CPU
		{4F68F5E2-CC56-4BF7-9A61-DEA1E1E3E135}.Debug|iPhoneSimulator.Deploy.0 = Debug|Any CPU
		{4F68F5E2-CC56-4BF7-9A61-DEA1E1E3E135}.Debug|x64.ActiveCfg = Debug|Any CPU
		{4F68F5E2-CC56-4BF7-9A61-DEA1E1E3E135}.Debug|x64.Build.0 = Debug|Any CPU
		{4F68F5E2-CC56-4BF7-9A61-DEA1E1E3E135}.Debug|x64.Deploy.0 = Debug|Any CPU
		{4F68F5E2-CC56-4BF7-9A61-DEA1E1E3E135}.Debug|x86.ActiveCfg = Debug|Any CPU
		{4F68F5E2-CC56-4BF7-9A61-DEA1E1E3E135}.Debug|x86.Build.0 = Debug|Any CPU
		{4F68F5E2-CC56-4BF7-9A61-DEA1E1E3E135}.Debug|x86.Deploy.0 = Debug|Any CPU
		{4F68F5E2-CC56-4BF7-9A61-DEA1E1E3E135}.Release|Any CPU.ActiveCfg = Release|Any CPU
		{4F68F5E2-CC56-4BF7-9A61-DEA1E1E3E135}.Release|Any CPU.Build.0 = Release|Any CPU
		{4F68F5E2-CC56-4BF7-9A61-DEA1E1E3E135}.Release|Any CPU.Deploy.0 = Release|Any CPU
		{4F68F5E2-CC56-4BF7-9A61-DEA1E1E3E135}.Release|ARM.ActiveCfg = Release|Any CPU
		{4F68F5E2-CC56-4BF7-9A61-DEA1E1E3E135}.Release|ARM.Build.0 = Release|Any CPU
		{4F68F5E2-CC56-4BF7-9A61-DEA1E1E3E135}.Release|ARM.Deploy.0 = Release|Any CPU
		{4F68F5E2-CC56-4BF7-9A61-DEA1E1E3E135}.Release|iPhone.ActiveCfg = Release|Any CPU
		{4F68F5E2-CC56-4BF7-9A61-DEA1E1E3E135}.Release|iPhone.Build.0 = Release|Any CPU
		{4F68F5E2-CC56-4BF7-9A61-DEA1E1E3E135}.Release|iPhone.Deploy.0 = Release|Any CPU
		{4F68F5E2-CC56-4BF7-9A61-DEA1E1E3E135}.Release|iPhoneSimulator.ActiveCfg = Release|Any CPU
		{4F68F5E2-CC56-4BF7-9A61-DEA1E1E3E135}.Release|iPhoneSimulator.Build.0 = Release|Any CPU
		{4F68F5E2-CC56-4BF7-9A61-DEA1E1E3E135}.Release|iPhoneSimulator.Deploy.0 = Release|Any CPU
		{4F68F5E2-CC56-4BF7-9A61-DEA1E1E3E135}.Release|x64.ActiveCfg = Release|Any CPU
		{4F68F5E2-CC56-4BF7-9A61-DEA1E1E3E135}.Release|x64.Build.0 = Release|Any CPU
		{4F68F5E2-CC56-4BF7-9A61-DEA1E1E3E135}.Release|x64.Deploy.0 = Release|Any CPU
		{4F68F5E2-CC56-4BF7-9A61-DEA1E1E3E135}.Release|x86.ActiveCfg = Release|Any CPU
		{4F68F5E2-CC56-4BF7-9A61-DEA1E1E3E135}.Release|x86.Build.0 = Release|Any CPU
		{4F68F5E2-CC56-4BF7-9A61-DEA1E1E3E135}.Release|x86.Deploy.0 = Release|Any CPU
		{DF552CAF-D9CA-486C-91DC-534C4997014B}.Debug|Any CPU.ActiveCfg = Debug|iPhoneSimulator
		{DF552CAF-D9CA-486C-91DC-534C4997014B}.Debug|Any CPU.Build.0 = Debug|iPhoneSimulator
		{DF552CAF-D9CA-486C-91DC-534C4997014B}.Debug|Any CPU.Deploy.0 = Debug|iPhoneSimulator
		{DF552CAF-D9CA-486C-91DC-534C4997014B}.Debug|ARM.ActiveCfg = Debug|iPhone
		{DF552CAF-D9CA-486C-91DC-534C4997014B}.Debug|ARM.Build.0 = Debug|iPhone
		{DF552CAF-D9CA-486C-91DC-534C4997014B}.Debug|ARM.Deploy.0 = Debug|iPhone
		{DF552CAF-D9CA-486C-91DC-534C4997014B}.Debug|iPhone.ActiveCfg = Debug|iPhone
		{DF552CAF-D9CA-486C-91DC-534C4997014B}.Debug|iPhone.Build.0 = Debug|iPhone
		{DF552CAF-D9CA-486C-91DC-534C4997014B}.Debug|iPhone.Deploy.0 = Debug|iPhone
		{DF552CAF-D9CA-486C-91DC-534C4997014B}.Debug|iPhoneSimulator.ActiveCfg = Debug|iPhoneSimulator
		{DF552CAF-D9CA-486C-91DC-534C4997014B}.Debug|iPhoneSimulator.Build.0 = Debug|iPhoneSimulator
		{DF552CAF-D9CA-486C-91DC-534C4997014B}.Debug|iPhoneSimulator.Deploy.0 = Debug|iPhoneSimulator
		{DF552CAF-D9CA-486C-91DC-534C4997014B}.Debug|x64.ActiveCfg = Debug|iPhoneSimulator
		{DF552CAF-D9CA-486C-91DC-534C4997014B}.Debug|x64.Build.0 = Debug|iPhoneSimulator
		{DF552CAF-D9CA-486C-91DC-534C4997014B}.Debug|x64.Deploy.0 = Debug|iPhoneSimulator
		{DF552CAF-D9CA-486C-91DC-534C4997014B}.Debug|x86.ActiveCfg = Debug|iPhoneSimulator
		{DF552CAF-D9CA-486C-91DC-534C4997014B}.Debug|x86.Build.0 = Debug|iPhoneSimulator
		{DF552CAF-D9CA-486C-91DC-534C4997014B}.Debug|x86.Deploy.0 = Debug|iPhoneSimulator
		{DF552CAF-D9CA-486C-91DC-534C4997014B}.Release|Any CPU.ActiveCfg = Release|iPhoneSimulator
		{DF552CAF-D9CA-486C-91DC-534C4997014B}.Release|Any CPU.Build.0 = Release|iPhoneSimulator
		{DF552CAF-D9CA-486C-91DC-534C4997014B}.Release|Any CPU.Deploy.0 = Release|iPhoneSimulator
		{DF552CAF-D9CA-486C-91DC-534C4997014B}.Release|ARM.ActiveCfg = Release|iPhoneSimulator
		{DF552CAF-D9CA-486C-91DC-534C4997014B}.Release|ARM.Build.0 = Release|iPhoneSimulator
		{DF552CAF-D9CA-486C-91DC-534C4997014B}.Release|ARM.Deploy.0 = Release|iPhoneSimulator
		{DF552CAF-D9CA-486C-91DC-534C4997014B}.Release|iPhone.ActiveCfg = Release|iPhone
		{DF552CAF-D9CA-486C-91DC-534C4997014B}.Release|iPhone.Build.0 = Release|iPhone
		{DF552CAF-D9CA-486C-91DC-534C4997014B}.Release|iPhone.Deploy.0 = Release|iPhone
		{DF552CAF-D9CA-486C-91DC-534C4997014B}.Release|iPhoneSimulator.ActiveCfg = Release|iPhoneSimulator
		{DF552CAF-D9CA-486C-91DC-534C4997014B}.Release|iPhoneSimulator.Build.0 = Release|iPhoneSimulator
		{DF552CAF-D9CA-486C-91DC-534C4997014B}.Release|iPhoneSimulator.Deploy.0 = Release|iPhoneSimulator
		{DF552CAF-D9CA-486C-91DC-534C4997014B}.Release|x64.ActiveCfg = Release|iPhoneSimulator
		{DF552CAF-D9CA-486C-91DC-534C4997014B}.Release|x64.Build.0 = Release|iPhoneSimulator
		{DF552CAF-D9CA-486C-91DC-534C4997014B}.Release|x64.Deploy.0 = Release|iPhoneSimulator
		{DF552CAF-D9CA-486C-91DC-534C4997014B}.Release|x86.ActiveCfg = Release|iPhoneSimulator
		{DF552CAF-D9CA-486C-91DC-534C4997014B}.Release|x86.Build.0 = Release|iPhoneSimulator
		{DF552CAF-D9CA-486C-91DC-534C4997014B}.Release|x86.Deploy.0 = Release|iPhoneSimulator
		{4DAB18AF-2B7E-4206-88C9-D530EA9BF9F1}.Debug|Any CPU.ActiveCfg = Debug|Any CPU
		{4DAB18AF-2B7E-4206-88C9-D530EA9BF9F1}.Debug|Any CPU.Build.0 = Debug|Any CPU
		{4DAB18AF-2B7E-4206-88C9-D530EA9BF9F1}.Debug|Any CPU.Deploy.0 = Debug|Any CPU
		{4DAB18AF-2B7E-4206-88C9-D530EA9BF9F1}.Debug|ARM.ActiveCfg = Debug|Any CPU
		{4DAB18AF-2B7E-4206-88C9-D530EA9BF9F1}.Debug|ARM.Build.0 = Debug|Any CPU
		{4DAB18AF-2B7E-4206-88C9-D530EA9BF9F1}.Debug|ARM.Deploy.0 = Debug|Any CPU
		{4DAB18AF-2B7E-4206-88C9-D530EA9BF9F1}.Debug|iPhone.ActiveCfg = Debug|Any CPU
		{4DAB18AF-2B7E-4206-88C9-D530EA9BF9F1}.Debug|iPhone.Build.0 = Debug|Any CPU
		{4DAB18AF-2B7E-4206-88C9-D530EA9BF9F1}.Debug|iPhone.Deploy.0 = Debug|Any CPU
		{4DAB18AF-2B7E-4206-88C9-D530EA9BF9F1}.Debug|iPhoneSimulator.ActiveCfg = Debug|Any CPU
		{4DAB18AF-2B7E-4206-88C9-D530EA9BF9F1}.Debug|iPhoneSimulator.Build.0 = Debug|Any CPU
		{4DAB18AF-2B7E-4206-88C9-D530EA9BF9F1}.Debug|iPhoneSimulator.Deploy.0 = Debug|Any CPU
		{4DAB18AF-2B7E-4206-88C9-D530EA9BF9F1}.Debug|x64.ActiveCfg = Debug|Any CPU
		{4DAB18AF-2B7E-4206-88C9-D530EA9BF9F1}.Debug|x64.Build.0 = Debug|Any CPU
		{4DAB18AF-2B7E-4206-88C9-D530EA9BF9F1}.Debug|x64.Deploy.0 = Debug|Any CPU
		{4DAB18AF-2B7E-4206-88C9-D530EA9BF9F1}.Debug|x86.ActiveCfg = Debug|Any CPU
		{4DAB18AF-2B7E-4206-88C9-D530EA9BF9F1}.Debug|x86.Build.0 = Debug|Any CPU
		{4DAB18AF-2B7E-4206-88C9-D530EA9BF9F1}.Debug|x86.Deploy.0 = Debug|Any CPU
		{4DAB18AF-2B7E-4206-88C9-D530EA9BF9F1}.Release|Any CPU.ActiveCfg = Release|Any CPU
		{4DAB18AF-2B7E-4206-88C9-D530EA9BF9F1}.Release|Any CPU.Build.0 = Release|Any CPU
		{4DAB18AF-2B7E-4206-88C9-D530EA9BF9F1}.Release|Any CPU.Deploy.0 = Release|Any CPU
		{4DAB18AF-2B7E-4206-88C9-D530EA9BF9F1}.Release|ARM.ActiveCfg = Release|Any CPU
		{4DAB18AF-2B7E-4206-88C9-D530EA9BF9F1}.Release|ARM.Build.0 = Release|Any CPU
		{4DAB18AF-2B7E-4206-88C9-D530EA9BF9F1}.Release|ARM.Deploy.0 = Release|Any CPU
		{4DAB18AF-2B7E-4206-88C9-D530EA9BF9F1}.Release|iPhone.ActiveCfg = Release|Any CPU
		{4DAB18AF-2B7E-4206-88C9-D530EA9BF9F1}.Release|iPhone.Build.0 = Release|Any CPU
		{4DAB18AF-2B7E-4206-88C9-D530EA9BF9F1}.Release|iPhone.Deploy.0 = Release|Any CPU
		{4DAB18AF-2B7E-4206-88C9-D530EA9BF9F1}.Release|iPhoneSimulator.ActiveCfg = Release|Any CPU
		{4DAB18AF-2B7E-4206-88C9-D530EA9BF9F1}.Release|iPhoneSimulator.Build.0 = Release|Any CPU
		{4DAB18AF-2B7E-4206-88C9-D530EA9BF9F1}.Release|iPhoneSimulator.Deploy.0 = Release|Any CPU
		{4DAB18AF-2B7E-4206-88C9-D530EA9BF9F1}.Release|x64.ActiveCfg = Release|Any CPU
		{4DAB18AF-2B7E-4206-88C9-D530EA9BF9F1}.Release|x64.Build.0 = Release|Any CPU
		{4DAB18AF-2B7E-4206-88C9-D530EA9BF9F1}.Release|x64.Deploy.0 = Release|Any CPU
		{4DAB18AF-2B7E-4206-88C9-D530EA9BF9F1}.Release|x86.ActiveCfg = Release|Any CPU
		{4DAB18AF-2B7E-4206-88C9-D530EA9BF9F1}.Release|x86.Build.0 = Release|Any CPU
		{4DAB18AF-2B7E-4206-88C9-D530EA9BF9F1}.Release|x86.Deploy.0 = Release|Any CPU
	EndGlobalSection
	GlobalSection(SolutionProperties) = preSolution
		HideSolutionNode = FALSE
	EndGlobalSection
	GlobalSection(ExtensibilityGlobals) = postSolution
		SolutionGuid = {4A305738-C6C2-4D7C-9B62-F2AEDCB1FFAE}
	EndGlobalSection
EndGlobal
